{
  "version": "3",
  "packages": {
    "specifiers": {
      "jsr:@deno/cache-dir@0.8": "jsr:@deno/cache-dir@0.8.0",
      "jsr:@deno/graph@0.73": "jsr:@deno/graph@0.73.1",
      "jsr:@deno/graph@^0.69.7": "jsr:@deno/graph@0.69.10",
      "jsr:@std/assert@^0.218.2": "jsr:@std/assert@0.218.2",
      "jsr:@std/bytes@^0.218.2": "jsr:@std/bytes@0.218.2",
      "jsr:@std/fmt@^0.218.2": "jsr:@std/fmt@0.218.2",
      "jsr:@std/fs@^0.218.2": "jsr:@std/fs@0.218.2",
      "jsr:@std/fs@^1.0.1": "jsr:@std/fs@1.0.1",
      "jsr:@std/io@^0.218.2": "jsr:@std/io@0.218.2",
      "jsr:@std/path@^0.218.2": "jsr:@std/path@0.218.2",
      "jsr:@std/path@^1.0.2": "jsr:@std/path@1.0.2"
    },
    "jsr": {
      "@deno/cache-dir@0.8.0": {
        "integrity": "e87e80a404958f6350d903e6238b72afb92468378b0b32111f7a1e4916ac7fe7",
        "dependencies": [
          "jsr:@deno/graph@^0.69.7",
          "jsr:@std/fmt@^0.218.2",
          "jsr:@std/fs@^0.218.2",
          "jsr:@std/io@^0.218.2",
          "jsr:@std/path@^0.218.2"
        ]
      },
      "@deno/graph@0.69.10": {
        "integrity": "38fe22ac5686f6ece5daeec5a4df65c6314d7d32adcc33f77917a13cfaffa26f"
      },
      "@deno/graph@0.73.1": {
        "integrity": "cd69639d2709d479037d5ce191a422eabe8d71bb68b0098344f6b07411c84d41"
      },
      "@std/assert@0.218.2": {
        "integrity": "7f0a5a1a8cf86607cd6c2c030584096e1ffad27fc9271429a8cb48cfbdee5eaf"
      },
      "@std/bytes@0.218.2": {
        "integrity": "91fe54b232dcca73856b79a817247f4a651dbb60d51baafafb6408c137241670"
      },
      "@std/fmt@0.218.2": {
        "integrity": "99526449d2505aa758b6cbef81e7dd471d8b28ec0dcb1491d122b284c548788a"
      },
      "@std/fs@0.218.2": {
        "integrity": "dd9431453f7282e8c577cc22c9e6d036055a9a980b5549f887d6012969fabcca"
      },
      "@std/fs@1.0.1": {
        "integrity": "d6914ca2c21abe591f733b31dbe6331e446815e513e2451b3b9e472daddfefcb",
        "dependencies": [
          "jsr:@std/path@^1.0.2"
        ]
      },
      "@std/io@0.218.2": {
        "integrity": "c64fbfa087b7c9d4d386c5672f291f607d88cb7d44fc299c20c713e345f2785f",
        "dependencies": [
          "jsr:@std/assert@^0.218.2",
          "jsr:@std/bytes@^0.218.2"
        ]
      },
      "@std/path@0.218.2": {
        "integrity": "b568fd923d9e53ad76d17c513e7310bda8e755a3e825e6289a0ce536404e2662",
        "dependencies": [
          "jsr:@std/assert@^0.218.2"
        ]
      },
      "@std/path@1.0.2": {
        "integrity": "a452174603f8c620bd278a380c596437a9eef50c891c64b85812f735245d9ec7"
      }
    }
  },
  "redirects": {
    "https://deno.land/x/deno_doc/mod.ts": "https://deno.land/x/deno_doc@0.125.0/mod.ts"
  },
  "remote": {
    "https://deno.land/x/deno_doc@0.125.0/deno_doc_wasm.generated.js": "9e779483e5d106e9275a7ff3acd8c0916dda4e1ffeb0a450c1ef95f22c711ed5",
    "https://deno.land/x/deno_doc@0.125.0/mod.ts": "6ec7b1c6c025f7c9b335c899149cf34752a385a0363b60563ea893d1916e70c9"
  },
  "workspace": {
    "dependencies": [
      "jsr:@std/fs@^1.0.1"
    ]
  }
}
